
Microsoft Visual Studio Solution File, Format Version 12.00
# Visual Studio Version 17
VisualStudioVersion = 17.3.32825.248
MinimumVisualStudioVersion = 10.0.40219.1
Project("{8BC9CEB8-8B4A-11D0-8D11-00A0C91BC942}") = "lab1.TranspositionCipher.test", "lab1.TranspositionCipher.test\lab1.TranspositionCipher.test.vcxproj", "{A67A75C5-7D48-4871-9AEE-2BD6511DEA85}"
EndProject
Global
	GlobalSection(SolutionConfigurationPlatforms) = preSolution
		Debug|x64 = Debug|x64
		Debug|x86 = Debug|x86
		Release|x64 = Release|x64
		Release|x86 = Release|x86
	EndGlobalSection
	GlobalSection(ProjectConfigurationPlatforms) = postSolution
		{A67A75C5-7D48-4871-9AEE-2BD6511DEA85}.Debug|x64.ActiveCfg = Debug|x64
		{A67A75C5-7D48-4871-9AEE-2BD6511DEA85}.Debug|x64.Build.0 = Debug|x64
		{A67A75C5-7D48-4871-9AEE-2BD6511DEA85}.Debug|x86.ActiveCfg = Debug|Win32
		{A67A75C5-7D48-4871-9AEE-2BD6511DEA85}.Debug|x86.Build.0 = Debug|Win32
		{A67A75C5-7D48-4871-9AEE-2BD6511DEA85}.Release|x64.ActiveCfg = Release|x64
		{A67A75C5-7D48-4871-9AEE-2BD6511DEA85}.Release|x64.Build.0 = Release|x64
		{A67A75C5-7D48-4871-9AEE-2BD6511DEA85}.Release|x86.ActiveCfg = Release|Win32
		{A67A75C5-7D48-4871-9AEE-2BD6511DEA85}.Release|x86.Build.0 = Release|Win32
	EndGlobalSection
	GlobalSection(SolutionProperties) = preSolution
		HideSolutionNode = FALSE
	EndGlobalSection
	GlobalSection(ExtensibilityGlobals) = postSolution
		SolutionGuid = {47F5E8E2-D6A6-4F92-AEEB-37B84E11CCDF}
	EndGlobalSection
EndGlobal
